
Microsoft Visual Studio Solution File, Format Version 12.00
# Visual Studio Version 16
VisualStudioVersion = 16.0.30114.105
MinimumVisualStudioVersion = 10.0.40219.1
Project("{FAE04EC0-301F-11D3-BF4B-00C04F79EFBC}") = "FirstPrj", "FirstPrj\FirstPrj.csproj", "{752C5008-0364-414F-BB88-8C5544F9FF16}"
EndProject
Project("{FAE04EC0-301F-11D3-BF4B-00C04F79EFBC}") = "SecondPrj", "SecondPrj\SecondPrj.csproj", "{1AC453A3-CADE-4505-BC91-68ED2413A5E5}"
EndProject
Global
	GlobalSection(SolutionConfigurationPlatforms) = preSolution
		Debug|Any CPU = Debug|Any CPU
		Release|Any CPU = Release|Any CPU
	EndGlobalSection
	GlobalSection(ProjectConfigurationPlatforms) = postSolution
		{752C5008-0364-414F-BB88-8C5544F9FF16}.Debug|Any CPU.ActiveCfg = Debug|Any CPU
		{752C5008-0364-414F-BB88-8C5544F9FF16}.Debug|Any CPU.Build.0 = Debug|Any CPU
		{752C5008-0364-414F-BB88-8C5544F9FF16}.Release|Any CPU.ActiveCfg = Release|Any CPU
		{752C5008-0364-414F-BB88-8C5544F9FF16}.Release|Any CPU.Build.0 = Release|Any CPU
		{1AC453A3-CADE-4505-BC91-68ED2413A5E5}.Debug|Any CPU.ActiveCfg = Debug|Any CPU
		{1AC453A3-CADE-4505-BC91-68ED2413A5E5}.Debug|Any CPU.Build.0 = Debug|Any CPU
		{1AC453A3-CADE-4505-BC91-68ED2413A5E5}.Release|Any CPU.ActiveCfg = Release|Any CPU
		{1AC453A3-CADE-4505-BC91-68ED2413A5E5}.Release|Any CPU.Build.0 = Release|Any CPU
	EndGlobalSection
	GlobalSection(SolutionProperties) = preSolution
		HideSolutionNode = FALSE
	EndGlobalSection
	GlobalSection(ExtensibilityGlobals) = postSolution
		SolutionGuid = {732197E1-30A8-480C-9579-2E03585BEA69}
	EndGlobalSection
EndGlobal
