
Microsoft Visual Studio Solution File, Format Version 12.00
# Visual Studio Version 16
VisualStudioVersion = 16.0.30114.105
MinimumVisualStudioVersion = 10.0.40219.1
Project("{FAE04EC0-301F-11D3-BF4B-00C04F79EFBC}") = "Day4Prj", "Day4Prj\Day4Prj.csproj", "{BA0986F3-E72D-47A8-B3E4-407A7F94C378}"
EndProject
Project("{FAE04EC0-301F-11D3-BF4B-00C04F79EFBC}") = "MyDLL", "MyDLL\MyDLL.csproj", "{E93079EA-E539-4A5D-BF4E-27606D0ECB46}"
EndProject
Global
	GlobalSection(SolutionConfigurationPlatforms) = preSolution
		Debug|Any CPU = Debug|Any CPU
		Release|Any CPU = Release|Any CPU
	EndGlobalSection
	GlobalSection(ProjectConfigurationPlatforms) = postSolution
		{BA0986F3-E72D-47A8-B3E4-407A7F94C378}.Debug|Any CPU.ActiveCfg = Debug|Any CPU
		{BA0986F3-E72D-47A8-B3E4-407A7F94C378}.Debug|Any CPU.Build.0 = Debug|Any CPU
		{BA0986F3-E72D-47A8-B3E4-407A7F94C378}.Release|Any CPU.ActiveCfg = Release|Any CPU
		{BA0986F3-E72D-47A8-B3E4-407A7F94C378}.Release|Any CPU.Build.0 = Release|Any CPU
		{E93079EA-E539-4A5D-BF4E-27606D0ECB46}.Debug|Any CPU.ActiveCfg = Debug|Any CPU
		{E93079EA-E539-4A5D-BF4E-27606D0ECB46}.Debug|Any CPU.Build.0 = Debug|Any CPU
		{E93079EA-E539-4A5D-BF4E-27606D0ECB46}.Release|Any CPU.ActiveCfg = Release|Any CPU
		{E93079EA-E539-4A5D-BF4E-27606D0ECB46}.Release|Any CPU.Build.0 = Release|Any CPU
	EndGlobalSection
	GlobalSection(SolutionProperties) = preSolution
		HideSolutionNode = FALSE
	EndGlobalSection
	GlobalSection(ExtensibilityGlobals) = postSolution
		SolutionGuid = {305FE72B-7928-4771-BA2F-A85F55CC2D5F}
	EndGlobalSection
EndGlobal
