
Microsoft Visual Studio Solution File, Format Version 12.00
# Visual Studio Version 16
VisualStudioVersion = 16.0.30114.105
MinimumVisualStudioVersion = 10.0.40219.1
Project("{FAE04EC0-301F-11D3-BF4B-00C04F79EFBC}") = "Iterations", "Iterations\Iterations.csproj", "{A8237886-3E0E-4DA4-837E-8F85FFC35C20}"
EndProject
Global
	GlobalSection(SolutionConfigurationPlatforms) = preSolution
		Debug|Any CPU = Debug|Any CPU
		Release|Any CPU = Release|Any CPU
	EndGlobalSection
	GlobalSection(ProjectConfigurationPlatforms) = postSolution
		{A8237886-3E0E-4DA4-837E-8F85FFC35C20}.Debug|Any CPU.ActiveCfg = Debug|Any CPU
		{A8237886-3E0E-4DA4-837E-8F85FFC35C20}.Debug|Any CPU.Build.0 = Debug|Any CPU
		{A8237886-3E0E-4DA4-837E-8F85FFC35C20}.Release|Any CPU.ActiveCfg = Release|Any CPU
		{A8237886-3E0E-4DA4-837E-8F85FFC35C20}.Release|Any CPU.Build.0 = Release|Any CPU
	EndGlobalSection
	GlobalSection(SolutionProperties) = preSolution
		HideSolutionNode = FALSE
	EndGlobalSection
	GlobalSection(ExtensibilityGlobals) = postSolution
		SolutionGuid = {1C867A6C-0258-44E8-80A3-A3E9A5992E81}
	EndGlobalSection
EndGlobal
