
Microsoft Visual Studio Solution File, Format Version 12.00
# Visual Studio Version 16
VisualStudioVersion = 16.0.30114.105
MinimumVisualStudioVersion = 10.0.40219.1
Project("{FAE04EC0-301F-11D3-BF4B-00C04F79EFBC}") = "BasicADOPrg", "BasicADOPrg\BasicADOPrg.csproj", "{F212B28E-2219-4423-86BE-0F4ABDA11E00}"
EndProject
Global
	GlobalSection(SolutionConfigurationPlatforms) = preSolution
		Debug|Any CPU = Debug|Any CPU
		Release|Any CPU = Release|Any CPU
	EndGlobalSection
	GlobalSection(ProjectConfigurationPlatforms) = postSolution
		{F212B28E-2219-4423-86BE-0F4ABDA11E00}.Debug|Any CPU.ActiveCfg = Debug|Any CPU
		{F212B28E-2219-4423-86BE-0F4ABDA11E00}.Debug|Any CPU.Build.0 = Debug|Any CPU
		{F212B28E-2219-4423-86BE-0F4ABDA11E00}.Release|Any CPU.ActiveCfg = Release|Any CPU
		{F212B28E-2219-4423-86BE-0F4ABDA11E00}.Release|Any CPU.Build.0 = Release|Any CPU
	EndGlobalSection
	GlobalSection(SolutionProperties) = preSolution
		HideSolutionNode = FALSE
	EndGlobalSection
	GlobalSection(ExtensibilityGlobals) = postSolution
		SolutionGuid = {84174BFE-702D-4190-9520-C257DEA190B9}
	EndGlobalSection
EndGlobal
